
Microsoft Visual Studio Solution File, Format Version 12.00
# Visual Studio Version 16
VisualStudioVersion = 16.0.30011.22
MinimumVisualStudioVersion = 10.0.40219.1
Project("{FAE04EC0-301F-11D3-BF4B-00C04F79EFBC}") = "ServerWebAPI", "ServerWebAPI\ServerWebAPI.csproj", "{836B439B-6847-42A5-9EC4-F8C88F58273B}"
EndProject
Global
	GlobalSection(SolutionConfigurationPlatforms) = preSolution
		Debug|Any CPU = Debug|Any CPU
		Release|Any CPU = Release|Any CPU
	EndGlobalSection
	GlobalSection(ProjectConfigurationPlatforms) = postSolution
		{836B439B-6847-42A5-9EC4-F8C88F58273B}.Debug|Any CPU.ActiveCfg = Debug|Any CPU
		{836B439B-6847-42A5-9EC4-F8C88F58273B}.Debug|Any CPU.Build.0 = Debug|Any CPU
		{836B439B-6847-42A5-9EC4-F8C88F58273B}.Release|Any CPU.ActiveCfg = Release|Any CPU
		{836B439B-6847-42A5-9EC4-F8C88F58273B}.Release|Any CPU.Build.0 = Release|Any CPU
	EndGlobalSection
	GlobalSection(SolutionProperties) = preSolution
		HideSolutionNode = FALSE
	EndGlobalSection
	GlobalSection(ExtensibilityGlobals) = postSolution
		SolutionGuid = {1BB42967-C47D-407E-9852-FD01832F14B9}
	EndGlobalSection
EndGlobal
